
Microsoft Visual Studio Solution File, Format Version 12.00
# Visual Studio Version 17
VisualStudioVersion = 17.3.32825.248
MinimumVisualStudioVersion = 10.0.40219.1
Project("{FAE04EC0-301F-11D3-BF4B-00C04F79EFBC}") = "MindboxTestTask", "MindboxTestTask\MindboxTestTask.csproj", "{4AEB684D-AAA1-4C68-B131-F07E63F69A56}"
EndProject
Project("{FAE04EC0-301F-11D3-BF4B-00C04F79EFBC}") = "AreaLibrary", "AreaLibrary\AreaLibrary.csproj", "{667189AA-E7CC-4953-8FEE-E539B6E6E92D}"
EndProject
Project("{FAE04EC0-301F-11D3-BF4B-00C04F79EFBC}") = "AreaLibraryTests", "AreaLibraryTests\AreaLibraryTests.csproj", "{35A340E1-FB78-4496-BB26-578F24CE2D1C}"
EndProject
Global
	GlobalSection(SolutionConfigurationPlatforms) = preSolution
		Debug|Any CPU = Debug|Any CPU
		Release|Any CPU = Release|Any CPU
	EndGlobalSection
	GlobalSection(ProjectConfigurationPlatforms) = postSolution
		{4AEB684D-AAA1-4C68-B131-F07E63F69A56}.Debug|Any CPU.ActiveCfg = Debug|Any CPU
		{4AEB684D-AAA1-4C68-B131-F07E63F69A56}.Debug|Any CPU.Build.0 = Debug|Any CPU
		{4AEB684D-AAA1-4C68-B131-F07E63F69A56}.Release|Any CPU.ActiveCfg = Release|Any CPU
		{4AEB684D-AAA1-4C68-B131-F07E63F69A56}.Release|Any CPU.Build.0 = Release|Any CPU
		{667189AA-E7CC-4953-8FEE-E539B6E6E92D}.Debug|Any CPU.ActiveCfg = Debug|Any CPU
		{667189AA-E7CC-4953-8FEE-E539B6E6E92D}.Debug|Any CPU.Build.0 = Debug|Any CPU
		{667189AA-E7CC-4953-8FEE-E539B6E6E92D}.Release|Any CPU.ActiveCfg = Release|Any CPU
		{667189AA-E7CC-4953-8FEE-E539B6E6E92D}.Release|Any CPU.Build.0 = Release|Any CPU
		{35A340E1-FB78-4496-BB26-578F24CE2D1C}.Debug|Any CPU.ActiveCfg = Debug|Any CPU
		{35A340E1-FB78-4496-BB26-578F24CE2D1C}.Debug|Any CPU.Build.0 = Debug|Any CPU
		{35A340E1-FB78-4496-BB26-578F24CE2D1C}.Release|Any CPU.ActiveCfg = Release|Any CPU
		{35A340E1-FB78-4496-BB26-578F24CE2D1C}.Release|Any CPU.Build.0 = Release|Any CPU
	EndGlobalSection
	GlobalSection(SolutionProperties) = preSolution
		HideSolutionNode = FALSE
	EndGlobalSection
	GlobalSection(ExtensibilityGlobals) = postSolution
		SolutionGuid = {70DB63C6-0F9F-4FBE-A8ED-342B27C27796}
	EndGlobalSection
EndGlobal
